
Microsoft Visual Studio Solution File, Format Version 12.00
# Visual Studio Version 16
VisualStudioVersion = 16.0.29102.190
MinimumVisualStudioVersion = 10.0.40219.1
Project("{9A19103F-16F7-4668-BE54-9A1E7A4F7556}") = "DataParsing", "DataParsing.csproj", "{C2DE4A89-4B92-4E04-B102-C332F95C1C3E}"
EndProject
Project("{9A19103F-16F7-4668-BE54-9A1E7A4F7556}") = "TestClient", "..\TestClient\TestClient.csproj", "{70E7EB62-8E82-4854-A712-CEB8F36EC3CB}"
EndProject
Project("{9A19103F-16F7-4668-BE54-9A1E7A4F7556}") = "DataSearchLibrary", "..\DataSearchLibrary\DataSearchLibrary.csproj", "{B66B88A6-82E7-4D35-9C68-93A350DC1C6B}"
EndProject
Project("{FAE04EC0-301F-11D3-BF4B-00C04F79EFBC}") = "CognitiveServiceApp", "..\CognitiveServiceApp\CognitiveServiceApp.csproj", "{CEAA075D-471B-4AA1-AB4E-5B5CE3A5A7DF}"
EndProject
Global
	GlobalSection(SolutionConfigurationPlatforms) = preSolution
		Debug|Any CPU = Debug|Any CPU
		Release|Any CPU = Release|Any CPU
	EndGlobalSection
	GlobalSection(ProjectConfigurationPlatforms) = postSolution
		{C2DE4A89-4B92-4E04-B102-C332F95C1C3E}.Debug|Any CPU.ActiveCfg = Debug|Any CPU
		{C2DE4A89-4B92-4E04-B102-C332F95C1C3E}.Debug|Any CPU.Build.0 = Debug|Any CPU
		{C2DE4A89-4B92-4E04-B102-C332F95C1C3E}.Release|Any CPU.ActiveCfg = Release|Any CPU
		{C2DE4A89-4B92-4E04-B102-C332F95C1C3E}.Release|Any CPU.Build.0 = Release|Any CPU
		{70E7EB62-8E82-4854-A712-CEB8F36EC3CB}.Debug|Any CPU.ActiveCfg = Debug|Any CPU
		{70E7EB62-8E82-4854-A712-CEB8F36EC3CB}.Debug|Any CPU.Build.0 = Debug|Any CPU
		{70E7EB62-8E82-4854-A712-CEB8F36EC3CB}.Release|Any CPU.ActiveCfg = Release|Any CPU
		{70E7EB62-8E82-4854-A712-CEB8F36EC3CB}.Release|Any CPU.Build.0 = Release|Any CPU
		{B66B88A6-82E7-4D35-9C68-93A350DC1C6B}.Debug|Any CPU.ActiveCfg = Debug|Any CPU
		{B66B88A6-82E7-4D35-9C68-93A350DC1C6B}.Debug|Any CPU.Build.0 = Debug|Any CPU
		{B66B88A6-82E7-4D35-9C68-93A350DC1C6B}.Release|Any CPU.ActiveCfg = Release|Any CPU
		{B66B88A6-82E7-4D35-9C68-93A350DC1C6B}.Release|Any CPU.Build.0 = Release|Any CPU
		{CEAA075D-471B-4AA1-AB4E-5B5CE3A5A7DF}.Debug|Any CPU.ActiveCfg = Debug|Any CPU
		{CEAA075D-471B-4AA1-AB4E-5B5CE3A5A7DF}.Debug|Any CPU.Build.0 = Debug|Any CPU
		{CEAA075D-471B-4AA1-AB4E-5B5CE3A5A7DF}.Release|Any CPU.ActiveCfg = Release|Any CPU
		{CEAA075D-471B-4AA1-AB4E-5B5CE3A5A7DF}.Release|Any CPU.Build.0 = Release|Any CPU
	EndGlobalSection
	GlobalSection(SolutionProperties) = preSolution
		HideSolutionNode = FALSE
	EndGlobalSection
	GlobalSection(ExtensibilityGlobals) = postSolution
		SolutionGuid = {5559564D-2BB6-4FE7-9C95-8EF77AFF0DC6}
	EndGlobalSection
EndGlobal
